
Microsoft Visual Studio Solution File, Format Version 12.00
# Visual Studio 2012
Project("{FAE04EC0-301F-11D3-BF4B-00C04F79EFBC}") = "Tallknuserne", "Tallknuserne\Tallknuserne.csproj", "{ECCC1624-462B-44A6-8344-6EAB1A7C6D46}"
EndProject
Global
	GlobalSection(SolutionConfigurationPlatforms) = preSolution
		Debug|Any CPU = Debug|Any CPU
		Release|Any CPU = Release|Any CPU
	EndGlobalSection
	GlobalSection(ProjectConfigurationPlatforms) = postSolution
		{ECCC1624-462B-44A6-8344-6EAB1A7C6D46}.Debug|Any CPU.ActiveCfg = Debug|Any CPU
		{ECCC1624-462B-44A6-8344-6EAB1A7C6D46}.Debug|Any CPU.Build.0 = Debug|Any CPU
		{ECCC1624-462B-44A6-8344-6EAB1A7C6D46}.Release|Any CPU.ActiveCfg = Release|Any CPU
		{ECCC1624-462B-44A6-8344-6EAB1A7C6D46}.Release|Any CPU.Build.0 = Release|Any CPU
	EndGlobalSection
	GlobalSection(SolutionProperties) = preSolution
		HideSolutionNode = FALSE
	EndGlobalSection
EndGlobal
